{
  "version": 4,
  "terraform_version": "1.7.3",
  "serial": 245,
  "lineage": "b03e1333-ee61-8072-390c-ba8b2952a902",
  "outputs": {},
  "resources": [
    {
      "mode": "managed",
      "type": "aws_s3_bucket",
      "name": "portfolio_bucket",
      "provider": "provider[\"registry.terraform.io/hashicorp/aws\"]",
      "instances": [
        {
          "schema_version": 0,
          "attributes": {
            "acceleration_status": "",
            "acl": null,
            "arn": "arn:aws:s3:::portfolio-terraform-bence-bodi",
            "bucket": "portfolio-terraform-bence-bodi",
            "bucket_domain_name": "portfolio-terraform-bence-bodi.s3.amazonaws.com",
            "bucket_prefix": "",
            "bucket_regional_domain_name": "portfolio-terraform-bence-bodi.s3.eu-north-1.amazonaws.com",
            "cors_rule": [],
            "force_destroy": true,
            "grant": [
              {
                "id": "ef9ac12317c871948b91ac2ad6b12631de7d4c6cd9f3df1aa40f1b8471487817",
                "permissions": [
                  "FULL_CONTROL"
                ],
                "type": "CanonicalUser",
                "uri": ""
              }
            ],
            "hosted_zone_id": "Z3BAZG2TWCNX0D",
            "id": "portfolio-terraform-bence-bodi",
            "lifecycle_rule": [],
            "logging": [],
            "object_lock_configuration": [],
            "object_lock_enabled": false,
            "policy": "",
            "region": "eu-north-1",
            "replication_configuration": [],
            "request_payer": "BucketOwner",
            "server_side_encryption_configuration": [
              {
                "rule": [
                  {
                    "apply_server_side_encryption_by_default": [
                      {
                        "kms_master_key_id": "",
                        "sse_algorithm": "AES256"
                      }
                    ],
                    "bucket_key_enabled": false
                  }
                ]
              }
            ],
            "tags": {
              "Name": "PortfolioWebsiteBucket"
            },
            "tags_all": {
              "Name": "PortfolioWebsiteBucket"
            },
            "timeouts": null,
            "versioning": [
              {
                "enabled": false,
                "mfa_delete": false
              }
            ],
            "website": [
              {
                "error_document": "",
                "index_document": "index.html",
                "redirect_all_requests_to": "",
                "routing_rules": ""
              }
            ],
            "website_domain": "s3-website.eu-north-1.amazonaws.com",
            "website_endpoint": "portfolio-terraform-bence-bodi.s3-website.eu-north-1.amazonaws.com"
          },
          "sensitive_attributes": [],
          "private": "eyJlMmJmYjczMC1lY2FhLTExZTYtOGY4OC0zNDM2M2JjN2M0YzAiOnsiY3JlYXRlIjoxMjAwMDAwMDAwMDAwLCJkZWxldGUiOjM2MDAwMDAwMDAwMDAsInJlYWQiOjEyMDAwMDAwMDAwMDAsInVwZGF0ZSI6MTIwMDAwMDAwMDAwMH19"
        }
      ]
    },
    {
      "mode": "managed",
      "type": "aws_s3_bucket_object",
      "name": "portfolio_website_files",
      "provider": "provider[\"registry.terraform.io/hashicorp/aws\"]",
      "instances": [
        {
          "index_key": "asset-manifest.json",
          "schema_version": 0,
          "attributes": {
            "acl": "private",
            "bucket": "portfolio-terraform-bence-bodi",
            "bucket_key_enabled": false,
            "cache_control": "",
            "content": null,
            "content_base64": null,
            "content_disposition": "",
            "content_encoding": "",
            "content_language": "",
            "content_type": "application/octet-stream",
            "etag": "dea05c56b45857a24dcba5a23202ec70",
            "force_destroy": false,
            "id": "build/",
            "key": "build/",
            "kms_key_id": null,
            "metadata": null,
            "object_lock_legal_hold_status": "",
            "object_lock_mode": "",
            "object_lock_retain_until_date": "",
            "server_side_encryption": "AES256",
            "source": "../build/asset-manifest.json",
            "source_hash": null,
            "storage_class": "STANDARD",
            "tags": null,
            "tags_all": {},
            "version_id": "",
            "website_redirect": ""
          },
          "sensitive_attributes": [],
          "private": "bnVsbA==",
          "dependencies": [
            "aws_s3_bucket.portfolio_bucket"
          ]
        },
        {
          "index_key": "favicon.ico",
          "schema_version": 0,
          "attributes": {
            "acl": "private",
            "bucket": "portfolio-terraform-bence-bodi",
            "bucket_key_enabled": false,
            "cache_control": "",
            "content": null,
            "content_base64": null,
            "content_disposition": "",
            "content_encoding": "",
            "content_language": "",
            "content_type": "application/octet-stream",
            "etag": "c92b85a5b907c70211f4ec25e29a8c4a",
            "force_destroy": false,
            "id": "build/",
            "key": "build/",
            "kms_key_id": null,
            "metadata": null,
            "object_lock_legal_hold_status": "",
            "object_lock_mode": "",
            "object_lock_retain_until_date": "",
            "server_side_encryption": "AES256",
            "source": "../build/favicon.ico",
            "source_hash": null,
            "storage_class": "STANDARD",
            "tags": null,
            "tags_all": {},
            "version_id": "",
            "website_redirect": ""
          },
          "sensitive_attributes": [],
          "private": "bnVsbA==",
          "dependencies": [
            "aws_s3_bucket.portfolio_bucket"
          ]
        },
        {
          "index_key": "index.html",
          "schema_version": 0,
          "attributes": {
            "acl": "private",
            "bucket": "portfolio-terraform-bence-bodi",
            "bucket_key_enabled": false,
            "cache_control": "",
            "content": null,
            "content_base64": null,
            "content_disposition": "",
            "content_encoding": "",
            "content_language": "",
            "content_type": "application/octet-stream",
            "etag": "e13699bee7d5ccd91087591faaeb381c",
            "force_destroy": false,
            "id": "build/",
            "key": "build/",
            "kms_key_id": null,
            "metadata": null,
            "object_lock_legal_hold_status": "",
            "object_lock_mode": "",
            "object_lock_retain_until_date": "",
            "server_side_encryption": "AES256",
            "source": "../build/index.html",
            "source_hash": null,
            "storage_class": "STANDARD",
            "tags": null,
            "tags_all": {},
            "version_id": "",
            "website_redirect": ""
          },
          "sensitive_attributes": [],
          "private": "bnVsbA==",
          "dependencies": [
            "aws_s3_bucket.portfolio_bucket"
          ]
        },
        {
          "index_key": "logo192.png",
          "schema_version": 0,
          "attributes": {
            "acl": "private",
            "bucket": "portfolio-terraform-bence-bodi",
            "bucket_key_enabled": false,
            "cache_control": "",
            "content": null,
            "content_base64": null,
            "content_disposition": "",
            "content_encoding": "",
            "content_language": "",
            "content_type": "application/octet-stream",
            "etag": "33dbdd0177549353eeeb785d02c294af",
            "force_destroy": false,
            "id": "build/",
            "key": "build/",
            "kms_key_id": null,
            "metadata": null,
            "object_lock_legal_hold_status": "",
            "object_lock_mode": "",
            "object_lock_retain_until_date": "",
            "server_side_encryption": "AES256",
            "source": "../build/logo192.png",
            "source_hash": null,
            "storage_class": "STANDARD",
            "tags": null,
            "tags_all": {},
            "version_id": "",
            "website_redirect": ""
          },
          "sensitive_attributes": [],
          "private": "bnVsbA==",
          "dependencies": [
            "aws_s3_bucket.portfolio_bucket"
          ]
        },
        {
          "index_key": "logo512.png",
          "schema_version": 0,
          "attributes": {
            "acl": "private",
            "bucket": "portfolio-terraform-bence-bodi",
            "bucket_key_enabled": false,
            "cache_control": "",
            "content": null,
            "content_base64": null,
            "content_disposition": "",
            "content_encoding": "",
            "content_language": "",
            "content_type": "application/octet-stream",
            "etag": "917515db74ea8d1aee6a246cfbcc0b45",
            "force_destroy": false,
            "id": "build/",
            "key": "build/",
            "kms_key_id": null,
            "metadata": null,
            "object_lock_legal_hold_status": "",
            "object_lock_mode": "",
            "object_lock_retain_until_date": "",
            "server_side_encryption": "AES256",
            "source": "../build/logo512.png",
            "source_hash": null,
            "storage_class": "STANDARD",
            "tags": null,
            "tags_all": {},
            "version_id": "",
            "website_redirect": ""
          },
          "sensitive_attributes": [],
          "private": "bnVsbA==",
          "dependencies": [
            "aws_s3_bucket.portfolio_bucket"
          ]
        },
        {
          "index_key": "manifest.json",
          "schema_version": 0,
          "attributes": {
            "acl": "private",
            "bucket": "portfolio-terraform-bence-bodi",
            "bucket_key_enabled": false,
            "cache_control": "",
            "content": null,
            "content_base64": null,
            "content_disposition": "",
            "content_encoding": "",
            "content_language": "",
            "content_type": "application/octet-stream",
            "etag": "33dbdd0177549353eeeb785d02c294af",
            "force_destroy": false,
            "id": "build/",
            "key": "build/",
            "kms_key_id": null,
            "metadata": null,
            "object_lock_legal_hold_status": "",
            "object_lock_mode": "",
            "object_lock_retain_until_date": "",
            "server_side_encryption": "AES256",
            "source": "../build/manifest.json",
            "source_hash": null,
            "storage_class": "STANDARD",
            "tags": null,
            "tags_all": {},
            "version_id": "",
            "website_redirect": ""
          },
          "sensitive_attributes": [],
          "private": "bnVsbA==",
          "dependencies": [
            "aws_s3_bucket.portfolio_bucket"
          ]
        },
        {
          "index_key": "robots.txt",
          "schema_version": 0,
          "attributes": {
            "acl": "private",
            "bucket": "portfolio-terraform-bence-bodi",
            "bucket_key_enabled": false,
            "cache_control": "",
            "content": null,
            "content_base64": null,
            "content_disposition": "",
            "content_encoding": "",
            "content_language": "",
            "content_type": "application/octet-stream",
            "etag": "61c27d2cd39a713f7829422c3d9edcc7",
            "force_destroy": false,
            "id": "build/",
            "key": "build/",
            "kms_key_id": null,
            "metadata": null,
            "object_lock_legal_hold_status": "",
            "object_lock_mode": "",
            "object_lock_retain_until_date": "",
            "server_side_encryption": "AES256",
            "source": "../build/robots.txt",
            "source_hash": null,
            "storage_class": "STANDARD",
            "tags": null,
            "tags_all": {},
            "version_id": "",
            "website_redirect": ""
          },
          "sensitive_attributes": [],
          "private": "bnVsbA==",
          "dependencies": [
            "aws_s3_bucket.portfolio_bucket"
          ]
        },
        {
          "index_key": "static/css/main.9ba95009.css",
          "schema_version": 0,
          "attributes": {
            "acl": "private",
            "bucket": "portfolio-terraform-bence-bodi",
            "bucket_key_enabled": false,
            "cache_control": "",
            "content": null,
            "content_base64": null,
            "content_disposition": "",
            "content_encoding": "",
            "content_language": "",
            "content_type": "application/octet-stream",
            "etag": "d84b57ec62972130fc503204850da14b",
            "force_destroy": false,
            "id": "build/",
            "key": "build/",
            "kms_key_id": null,
            "metadata": null,
            "object_lock_legal_hold_status": "",
            "object_lock_mode": "",
            "object_lock_retain_until_date": "",
            "server_side_encryption": "AES256",
            "source": "../build/static/css/main.9ba95009.css",
            "source_hash": null,
            "storage_class": "STANDARD",
            "tags": null,
            "tags_all": {},
            "version_id": "",
            "website_redirect": ""
          },
          "sensitive_attributes": [],
          "private": "bnVsbA==",
          "dependencies": [
            "aws_s3_bucket.portfolio_bucket"
          ]
        },
        {
          "index_key": "static/css/main.9ba95009.css.map",
          "schema_version": 0,
          "attributes": {
            "acl": "private",
            "bucket": "portfolio-terraform-bence-bodi",
            "bucket_key_enabled": false,
            "cache_control": "",
            "content": null,
            "content_base64": null,
            "content_disposition": "",
            "content_encoding": "",
            "content_language": "",
            "content_type": "application/octet-stream",
            "etag": "dea05c56b45857a24dcba5a23202ec70",
            "force_destroy": false,
            "id": "build/",
            "key": "build/",
            "kms_key_id": null,
            "metadata": null,
            "object_lock_legal_hold_status": "",
            "object_lock_mode": "",
            "object_lock_retain_until_date": "",
            "server_side_encryption": "AES256",
            "source": "../build/static/css/main.9ba95009.css.map",
            "source_hash": null,
            "storage_class": "STANDARD",
            "tags": null,
            "tags_all": {},
            "version_id": "",
            "website_redirect": ""
          },
          "sensitive_attributes": [],
          "private": "bnVsbA==",
          "dependencies": [
            "aws_s3_bucket.portfolio_bucket"
          ]
        },
        {
          "index_key": "static/js/787.fb771931.chunk.js",
          "schema_version": 0,
          "attributes": {
            "acl": "private",
            "bucket": "portfolio-terraform-bence-bodi",
            "bucket_key_enabled": false,
            "cache_control": "",
            "content": null,
            "content_base64": null,
            "content_disposition": "",
            "content_encoding": "",
            "content_language": "",
            "content_type": "application/octet-stream",
            "etag": "17629a5dfe0d3c3946cf401e1895f091",
            "force_destroy": false,
            "id": "build/",
            "key": "build/",
            "kms_key_id": null,
            "metadata": null,
            "object_lock_legal_hold_status": "",
            "object_lock_mode": "",
            "object_lock_retain_until_date": "",
            "server_side_encryption": "AES256",
            "source": "../build/static/js/787.fb771931.chunk.js",
            "source_hash": null,
            "storage_class": "STANDARD",
            "tags": null,
            "tags_all": {},
            "version_id": "",
            "website_redirect": ""
          },
          "sensitive_attributes": [],
          "private": "bnVsbA==",
          "dependencies": [
            "aws_s3_bucket.portfolio_bucket"
          ]
        },
        {
          "index_key": "static/js/787.fb771931.chunk.js.map",
          "schema_version": 0,
          "attributes": {
            "acl": "private",
            "bucket": "portfolio-terraform-bence-bodi",
            "bucket_key_enabled": false,
            "cache_control": "",
            "content": null,
            "content_base64": null,
            "content_disposition": "",
            "content_encoding": "",
            "content_language": "",
            "content_type": "application/octet-stream",
            "etag": "386f05946a76935fcabf319affff517a",
            "force_destroy": false,
            "id": "build/",
            "key": "build/",
            "kms_key_id": null,
            "metadata": null,
            "object_lock_legal_hold_status": "",
            "object_lock_mode": "",
            "object_lock_retain_until_date": "",
            "server_side_encryption": "AES256",
            "source": "../build/static/js/787.fb771931.chunk.js.map",
            "source_hash": null,
            "storage_class": "STANDARD",
            "tags": null,
            "tags_all": {},
            "version_id": "",
            "website_redirect": ""
          },
          "sensitive_attributes": [],
          "private": "bnVsbA==",
          "dependencies": [
            "aws_s3_bucket.portfolio_bucket"
          ]
        },
        {
          "index_key": "static/js/main.88264daa.js",
          "schema_version": 0,
          "attributes": {
            "acl": "private",
            "bucket": "portfolio-terraform-bence-bodi",
            "bucket_key_enabled": false,
            "cache_control": "",
            "content": null,
            "content_base64": null,
            "content_disposition": "",
            "content_encoding": "",
            "content_language": "",
            "content_type": "application/octet-stream",
            "etag": "a8822e204211be92b2412ccbe284e785",
            "force_destroy": false,
            "id": "build/",
            "key": "build/",
            "kms_key_id": null,
            "metadata": null,
            "object_lock_legal_hold_status": "",
            "object_lock_mode": "",
            "object_lock_retain_until_date": "",
            "server_side_encryption": "AES256",
            "source": "../build/static/js/main.88264daa.js",
            "source_hash": null,
            "storage_class": "STANDARD",
            "tags": null,
            "tags_all": {},
            "version_id": "",
            "website_redirect": ""
          },
          "sensitive_attributes": [],
          "private": "bnVsbA==",
          "dependencies": [
            "aws_s3_bucket.portfolio_bucket"
          ]
        },
        {
          "index_key": "static/js/main.88264daa.js.LICENSE.txt",
          "schema_version": 0,
          "attributes": {
            "acl": "private",
            "bucket": "portfolio-terraform-bence-bodi",
            "bucket_key_enabled": false,
            "cache_control": "",
            "content": null,
            "content_base64": null,
            "content_disposition": "",
            "content_encoding": "",
            "content_language": "",
            "content_type": "application/octet-stream",
            "etag": "dff2b6246274897c980cd8a354f7f979",
            "force_destroy": false,
            "id": "build/",
            "key": "build/",
            "kms_key_id": null,
            "metadata": null,
            "object_lock_legal_hold_status": "",
            "object_lock_mode": "",
            "object_lock_retain_until_date": "",
            "server_side_encryption": "AES256",
            "source": "../build/static/js/main.88264daa.js.LICENSE.txt",
            "source_hash": null,
            "storage_class": "STANDARD",
            "tags": null,
            "tags_all": {},
            "version_id": "",
            "website_redirect": ""
          },
          "sensitive_attributes": [],
          "private": "bnVsbA==",
          "dependencies": [
            "aws_s3_bucket.portfolio_bucket"
          ]
        },
        {
          "index_key": "static/js/main.88264daa.js.map",
          "schema_version": 0,
          "attributes": {
            "acl": "private",
            "bucket": "portfolio-terraform-bence-bodi",
            "bucket_key_enabled": false,
            "cache_control": "",
            "content": null,
            "content_base64": null,
            "content_disposition": "",
            "content_encoding": "",
            "content_language": "",
            "content_type": "application/octet-stream",
            "etag": "d5d078c25e06d9f6187e029b6bf5cba2",
            "force_destroy": false,
            "id": "build/",
            "key": "build/",
            "kms_key_id": null,
            "metadata": null,
            "object_lock_legal_hold_status": "",
            "object_lock_mode": "",
            "object_lock_retain_until_date": "",
            "server_side_encryption": "AES256",
            "source": "../build/static/js/main.88264daa.js.map",
            "source_hash": null,
            "storage_class": "STANDARD",
            "tags": null,
            "tags_all": {},
            "version_id": "",
            "website_redirect": ""
          },
          "sensitive_attributes": [],
          "private": "bnVsbA==",
          "dependencies": [
            "aws_s3_bucket.portfolio_bucket"
          ]
        },
        {
          "index_key": "static/media/AWS.c3a8553d2aadc3f80df7.png",
          "schema_version": 0,
          "attributes": {
            "acl": "private",
            "bucket": "portfolio-terraform-bence-bodi",
            "bucket_key_enabled": false,
            "cache_control": "",
            "content": null,
            "content_base64": null,
            "content_disposition": "",
            "content_encoding": "",
            "content_language": "",
            "content_type": "application/octet-stream",
            "etag": "c92b85a5b907c70211f4ec25e29a8c4a",
            "force_destroy": false,
            "id": "build/",
            "key": "build/",
            "kms_key_id": null,
            "metadata": null,
            "object_lock_legal_hold_status": "",
            "object_lock_mode": "",
            "object_lock_retain_until_date": "",
            "server_side_encryption": "AES256",
            "source": "../build/static/media/AWS.c3a8553d2aadc3f80df7.png",
            "source_hash": null,
            "storage_class": "STANDARD",
            "tags": null,
            "tags_all": {},
            "version_id": "",
            "website_redirect": ""
          },
          "sensitive_attributes": [],
          "private": "bnVsbA==",
          "dependencies": [
            "aws_s3_bucket.portfolio_bucket"
          ]
        },
        {
          "index_key": "static/media/CentraNo2-Bold.2faff7f7d3fc92a2fcd9.ttf",
          "schema_version": 0,
          "attributes": {
            "acl": "private",
            "bucket": "portfolio-terraform-bence-bodi",
            "bucket_key_enabled": false,
            "cache_control": "",
            "content": null,
            "content_base64": null,
            "content_disposition": "",
            "content_encoding": "",
            "content_language": "",
            "content_type": "application/octet-stream",
            "etag": "22808bae77c66bd1b33e298ea2f4320e",
            "force_destroy": false,
            "id": "build/",
            "key": "build/",
            "kms_key_id": null,
            "metadata": null,
            "object_lock_legal_hold_status": "",
            "object_lock_mode": "",
            "object_lock_retain_until_date": "",
            "server_side_encryption": "AES256",
            "source": "../build/static/media/CentraNo2-Bold.2faff7f7d3fc92a2fcd9.ttf",
            "source_hash": null,
            "storage_class": "STANDARD",
            "tags": null,
            "tags_all": {},
            "version_id": "",
            "website_redirect": ""
          },
          "sensitive_attributes": [],
          "private": "bnVsbA==",
          "dependencies": [
            "aws_s3_bucket.portfolio_bucket"
          ]
        },
        {
          "index_key": "static/media/CentraNo2-Book.2b143fa4b734a3584043.ttf",
          "schema_version": 0,
          "attributes": {
            "acl": "private",
            "bucket": "portfolio-terraform-bence-bodi",
            "bucket_key_enabled": false,
            "cache_control": "",
            "content": null,
            "content_base64": null,
            "content_disposition": "",
            "content_encoding": "",
            "content_language": "",
            "content_type": "application/octet-stream",
            "etag": "f750170aaddf4e5f885a27d391a311d9",
            "force_destroy": false,
            "id": "build/",
            "key": "build/",
            "kms_key_id": null,
            "metadata": null,
            "object_lock_legal_hold_status": "",
            "object_lock_mode": "",
            "object_lock_retain_until_date": "",
            "server_side_encryption": "AES256",
            "source": "../build/static/media/CentraNo2-Book.2b143fa4b734a3584043.ttf",
            "source_hash": null,
            "storage_class": "STANDARD",
            "tags": null,
            "tags_all": {},
            "version_id": "",
            "website_redirect": ""
          },
          "sensitive_attributes": [],
          "private": "bnVsbA==",
          "dependencies": [
            "aws_s3_bucket.portfolio_bucket"
          ]
        },
        {
          "index_key": "static/media/CentraNo2-Medium.f94be5b326d78bb32b95.ttf",
          "schema_version": 0,
          "attributes": {
            "acl": "private",
            "bucket": "portfolio-terraform-bence-bodi",
            "bucket_key_enabled": false,
            "cache_control": "",
            "content": null,
            "content_base64": null,
            "content_disposition": "",
            "content_encoding": "",
            "content_language": "",
            "content_type": "application/octet-stream",
            "etag": "2feb69ccb596730c72920c6ba3e37ef8",
            "force_destroy": false,
            "id": "build/",
            "key": "build/",
            "kms_key_id": null,
            "metadata": null,
            "object_lock_legal_hold_status": "",
            "object_lock_mode": "",
            "object_lock_retain_until_date": "",
            "server_side_encryption": "AES256",
            "source": "../build/static/media/CentraNo2-Medium.f94be5b326d78bb32b95.ttf",
            "source_hash": null,
            "storage_class": "STANDARD",
            "tags": null,
            "tags_all": {},
            "version_id": "",
            "website_redirect": ""
          },
          "sensitive_attributes": [],
          "private": "bnVsbA==",
          "dependencies": [
            "aws_s3_bucket.portfolio_bucket"
          ]
        },
        {
          "index_key": "static/media/Kubernetes.bb56c5fb620f4ad00ac3.png",
          "schema_version": 0,
          "attributes": {
            "acl": "private",
            "bucket": "portfolio-terraform-bence-bodi",
            "bucket_key_enabled": false,
            "cache_control": "",
            "content": null,
            "content_base64": null,
            "content_disposition": "",
            "content_encoding": "",
            "content_language": "",
            "content_type": "application/octet-stream",
            "etag": "386f05946a76935fcabf319affff517a",
            "force_destroy": false,
            "id": "build/",
            "key": "build/",
            "kms_key_id": null,
            "metadata": null,
            "object_lock_legal_hold_status": "",
            "object_lock_mode": "",
            "object_lock_retain_until_date": "",
            "server_side_encryption": "AES256",
            "source": "../build/static/media/Kubernetes.bb56c5fb620f4ad00ac3.png",
            "source_hash": null,
            "storage_class": "STANDARD",
            "tags": null,
            "tags_all": {},
            "version_id": "",
            "website_redirect": ""
          },
          "sensitive_attributes": [],
          "private": "bnVsbA==",
          "dependencies": [
            "aws_s3_bucket.portfolio_bucket"
          ]
        },
        {
          "index_key": "static/media/Linux.svg.6d208c95cc37fd3cdc44.png",
          "schema_version": 0,
          "attributes": {
            "acl": "private",
            "bucket": "portfolio-terraform-bence-bodi",
            "bucket_key_enabled": false,
            "cache_control": "",
            "content": null,
            "content_base64": null,
            "content_disposition": "",
            "content_encoding": "",
            "content_language": "",
            "content_type": "application/octet-stream",
            "etag": "a5c5a7dcb45bea9350c89430bb3f27e5",
            "force_destroy": false,
            "id": "build/",
            "key": "build/",
            "kms_key_id": null,
            "metadata": null,
            "object_lock_legal_hold_status": "",
            "object_lock_mode": "",
            "object_lock_retain_until_date": "",
            "server_side_encryption": "AES256",
            "source": "../build/static/media/Linux.svg.6d208c95cc37fd3cdc44.png",
            "source_hash": null,
            "storage_class": "STANDARD",
            "tags": null,
            "tags_all": {},
            "version_id": "",
            "website_redirect": ""
          },
          "sensitive_attributes": [],
          "private": "bnVsbA==",
          "dependencies": [
            "aws_s3_bucket.portfolio_bucket"
          ]
        },
        {
          "index_key": "static/media/Node.svg.fc3bd1ec69d7a50e685a.png",
          "schema_version": 0,
          "attributes": {
            "acl": "private",
            "bucket": "portfolio-terraform-bence-bodi",
            "bucket_key_enabled": false,
            "cache_control": "",
            "content": null,
            "content_base64": null,
            "content_disposition": "",
            "content_encoding": "",
            "content_language": "",
            "content_type": "application/octet-stream",
            "etag": "d5d078c25e06d9f6187e029b6bf5cba2",
            "force_destroy": false,
            "id": "build/",
            "key": "build/",
            "kms_key_id": null,
            "metadata": null,
            "object_lock_legal_hold_status": "",
            "object_lock_mode": "",
            "object_lock_retain_until_date": "",
            "server_side_encryption": "AES256",
            "source": "../build/static/media/Node.svg.fc3bd1ec69d7a50e685a.png",
            "source_hash": null,
            "storage_class": "STANDARD",
            "tags": null,
            "tags_all": {},
            "version_id": "",
            "website_redirect": ""
          },
          "sensitive_attributes": [],
          "private": "bnVsbA==",
          "dependencies": [
            "aws_s3_bucket.portfolio_bucket"
          ]
        },
        {
          "index_key": "static/media/Python.svg.82efb64f8698a267f8bf.png",
          "schema_version": 0,
          "attributes": {
            "acl": "private",
            "bucket": "portfolio-terraform-bence-bodi",
            "bucket_key_enabled": false,
            "cache_control": "",
            "content": null,
            "content_base64": null,
            "content_disposition": "",
            "content_encoding": "",
            "content_language": "",
            "content_type": "application/octet-stream",
            "etag": "dff2b6246274897c980cd8a354f7f979",
            "force_destroy": false,
            "id": "build/",
            "key": "build/",
            "kms_key_id": null,
            "metadata": null,
            "object_lock_legal_hold_status": "",
            "object_lock_mode": "",
            "object_lock_retain_until_date": "",
            "server_side_encryption": "AES256",
            "source": "../build/static/media/Python.svg.82efb64f8698a267f8bf.png",
            "source_hash": null,
            "storage_class": "STANDARD",
            "tags": null,
            "tags_all": {},
            "version_id": "",
            "website_redirect": ""
          },
          "sensitive_attributes": [],
          "private": "bnVsbA==",
          "dependencies": [
            "aws_s3_bucket.portfolio_bucket"
          ]
        },
        {
          "index_key": "static/media/React.svg.8a6fc0a24a800d1e0f4a.png",
          "schema_version": 0,
          "attributes": {
            "acl": "private",
            "bucket": "portfolio-terraform-bence-bodi",
            "bucket_key_enabled": false,
            "cache_control": "",
            "content": null,
            "content_base64": null,
            "content_disposition": "",
            "content_encoding": "",
            "content_language": "",
            "content_type": "application/octet-stream",
            "etag": "c92b85a5b907c70211f4ec25e29a8c4a",
            "force_destroy": false,
            "id": "build/",
            "key": "build/",
            "kms_key_id": null,
            "metadata": null,
            "object_lock_legal_hold_status": "",
            "object_lock_mode": "",
            "object_lock_retain_until_date": "",
            "server_side_encryption": "AES256",
            "source": "../build/static/media/React.svg.8a6fc0a24a800d1e0f4a.png",
            "source_hash": null,
            "storage_class": "STANDARD",
            "tags": null,
            "tags_all": {},
            "version_id": "",
            "website_redirect": ""
          },
          "sensitive_attributes": [],
          "private": "bnVsbA==",
          "dependencies": [
            "aws_s3_bucket.portfolio_bucket"
          ]
        },
        {
          "index_key": "static/media/arrow1.0c89b5b635adf255c2822c630aaa6ccf.svg",
          "schema_version": 0,
          "attributes": {
            "acl": "private",
            "bucket": "portfolio-terraform-bence-bodi",
            "bucket_key_enabled": false,
            "cache_control": "",
            "content": null,
            "content_base64": null,
            "content_disposition": "",
            "content_encoding": "",
            "content_language": "",
            "content_type": "application/octet-stream",
            "etag": "7fb1b05f49ba5c3b4570e1dec3728213",
            "force_destroy": false,
            "id": "build/",
            "key": "build/",
            "kms_key_id": null,
            "metadata": null,
            "object_lock_legal_hold_status": "",
            "object_lock_mode": "",
            "object_lock_retain_until_date": "",
            "server_side_encryption": "AES256",
            "source": "../build/static/media/arrow1.0c89b5b635adf255c2822c630aaa6ccf.svg",
            "source_hash": null,
            "storage_class": "STANDARD",
            "tags": null,
            "tags_all": {},
            "version_id": "",
            "website_redirect": ""
          },
          "sensitive_attributes": [],
          "private": "bnVsbA==",
          "dependencies": [
            "aws_s3_bucket.portfolio_bucket"
          ]
        },
        {
          "index_key": "static/media/arrow2.3d9522b6fd8f2464b7200ebf2c1bb09a.svg",
          "schema_version": 0,
          "attributes": {
            "acl": "private",
            "bucket": "portfolio-terraform-bence-bodi",
            "bucket_key_enabled": false,
            "cache_control": "",
            "content": null,
            "content_base64": null,
            "content_disposition": "",
            "content_encoding": "",
            "content_language": "",
            "content_type": "application/octet-stream",
            "etag": "dff2b6246274897c980cd8a354f7f979",
            "force_destroy": false,
            "id": "build/",
            "key": "build/",
            "kms_key_id": null,
            "metadata": null,
            "object_lock_legal_hold_status": "",
            "object_lock_mode": "",
            "object_lock_retain_until_date": "",
            "server_side_encryption": "AES256",
            "source": "../build/static/media/arrow2.3d9522b6fd8f2464b7200ebf2c1bb09a.svg",
            "source_hash": null,
            "storage_class": "STANDARD",
            "tags": null,
            "tags_all": {},
            "version_id": "",
            "website_redirect": ""
          },
          "sensitive_attributes": [],
          "private": "bnVsbA==",
          "dependencies": [
            "aws_s3_bucket.portfolio_bucket"
          ]
        },
        {
          "index_key": "static/media/banner-bg.cc1273af450504afe755.png",
          "schema_version": 0,
          "attributes": {
            "acl": "private",
            "bucket": "portfolio-terraform-bence-bodi",
            "bucket_key_enabled": false,
            "cache_control": "",
            "content": null,
            "content_base64": null,
            "content_disposition": "",
            "content_encoding": "",
            "content_language": "",
            "content_type": "application/octet-stream",
            "etag": "5f3ca49706055342e92708c7dd31849f",
            "force_destroy": false,
            "id": "build/",
            "key": "build/",
            "kms_key_id": null,
            "metadata": null,
            "object_lock_legal_hold_status": "",
            "object_lock_mode": "",
            "object_lock_retain_until_date": "",
            "server_side_encryption": "AES256",
            "source": "../build/static/media/banner-bg.cc1273af450504afe755.png",
            "source_hash": null,
            "storage_class": "STANDARD",
            "tags": null,
            "tags_all": {},
            "version_id": "",
            "website_redirect": ""
          },
          "sensitive_attributes": [],
          "private": "bnVsbA==",
          "dependencies": [
            "aws_s3_bucket.portfolio_bucket"
          ]
        },
        {
          "index_key": "static/media/c4.04d9d2bb18b9781567f7340691dcc686.svg",
          "schema_version": 0,
          "attributes": {
            "acl": "private",
            "bucket": "portfolio-terraform-bence-bodi",
            "bucket_key_enabled": false,
            "cache_control": "",
            "content": null,
            "content_base64": null,
            "content_disposition": "",
            "content_encoding": "",
            "content_language": "",
            "content_type": "application/octet-stream",
            "etag": "287911e68191463b609411b229715e20",
            "force_destroy": false,
            "id": "build/",
            "key": "build/",
            "kms_key_id": null,
            "metadata": null,
            "object_lock_legal_hold_status": "",
            "object_lock_mode": "",
            "object_lock_retain_until_date": "",
            "server_side_encryption": "AES256",
            "source": "../build/static/media/c4.04d9d2bb18b9781567f7340691dcc686.svg",
            "source_hash": null,
            "storage_class": "STANDARD",
            "tags": null,
            "tags_all": {},
            "version_id": "",
            "website_redirect": ""
          },
          "sensitive_attributes": [],
          "private": "bnVsbA==",
          "dependencies": [
            "aws_s3_bucket.portfolio_bucket"
          ]
        },
        {
          "index_key": "static/media/color-sharp.bea361cfef80fefc2d1e.png",
          "schema_version": 0,
          "attributes": {
            "acl": "private",
            "bucket": "portfolio-terraform-bence-bodi",
            "bucket_key_enabled": false,
            "cache_control": "",
            "content": null,
            "content_base64": null,
            "content_disposition": "",
            "content_encoding": "",
            "content_language": "",
            "content_type": "application/octet-stream",
            "etag": "d64094774a77a02c2c22356681131cb8",
            "force_destroy": false,
            "id": "build/",
            "key": "build/",
            "kms_key_id": null,
            "metadata": null,
            "object_lock_legal_hold_status": "",
            "object_lock_mode": "",
            "object_lock_retain_until_date": "",
            "server_side_encryption": "AES256",
            "source": "../build/static/media/color-sharp.bea361cfef80fefc2d1e.png",
            "source_hash": null,
            "storage_class": "STANDARD",
            "tags": null,
            "tags_all": {},
            "version_id": "",
            "website_redirect": ""
          },
          "sensitive_attributes": [],
          "private": "bnVsbA==",
          "dependencies": [
            "aws_s3_bucket.portfolio_bucket"
          ]
        },
        {
          "index_key": "static/media/color-sharp2.c87586c6c2f549cb4aa6.png",
          "schema_version": 0,
          "attributes": {
            "acl": "private",
            "bucket": "portfolio-terraform-bence-bodi",
            "bucket_key_enabled": false,
            "cache_control": "",
            "content": null,
            "content_base64": null,
            "content_disposition": "",
            "content_encoding": "",
            "content_language": "",
            "content_type": "application/octet-stream",
            "etag": "5f3ca49706055342e92708c7dd31849f",
            "force_destroy": false,
            "id": "build/",
            "key": "build/",
            "kms_key_id": null,
            "metadata": null,
            "object_lock_legal_hold_status": "",
            "object_lock_mode": "",
            "object_lock_retain_until_date": "",
            "server_side_encryption": "AES256",
            "source": "../build/static/media/color-sharp2.c87586c6c2f549cb4aa6.png",
            "source_hash": null,
            "storage_class": "STANDARD",
            "tags": null,
            "tags_all": {},
            "version_id": "",
            "website_redirect": ""
          },
          "sensitive_attributes": [],
          "private": "bnVsbA==",
          "dependencies": [
            "aws_s3_bucket.portfolio_bucket"
          ]
        },
        {
          "index_key": "static/media/contact-img.87eac2b29352fa01abb2f9510ef6ac7e.svg",
          "schema_version": 0,
          "attributes": {
            "acl": "private",
            "bucket": "portfolio-terraform-bence-bodi",
            "bucket_key_enabled": false,
            "cache_control": "",
            "content": null,
            "content_base64": null,
            "content_disposition": "",
            "content_encoding": "",
            "content_language": "",
            "content_type": "application/octet-stream",
            "etag": "a8822e204211be92b2412ccbe284e785",
            "force_destroy": false,
            "id": "build/",
            "key": "build/",
            "kms_key_id": null,
            "metadata": null,
            "object_lock_legal_hold_status": "",
            "object_lock_mode": "",
            "object_lock_retain_until_date": "",
            "server_side_encryption": "AES256",
            "source": "../build/static/media/contact-img.87eac2b29352fa01abb2f9510ef6ac7e.svg",
            "source_hash": null,
            "storage_class": "STANDARD",
            "tags": null,
            "tags_all": {},
            "version_id": "",
            "website_redirect": ""
          },
          "sensitive_attributes": [],
          "private": "bnVsbA==",
          "dependencies": [
            "aws_s3_bucket.portfolio_bucket"
          ]
        },
        {
          "index_key": "static/media/docker.3253a6fe64f326e90f1716b7069eeeb8.svg",
          "schema_version": 0,
          "attributes": {
            "acl": "private",
            "bucket": "portfolio-terraform-bence-bodi",
            "bucket_key_enabled": false,
            "cache_control": "",
            "content": null,
            "content_base64": null,
            "content_disposition": "",
            "content_encoding": "",
            "content_language": "",
            "content_type": "application/octet-stream",
            "etag": "287911e68191463b609411b229715e20",
            "force_destroy": false,
            "id": "build/",
            "key": "build/",
            "kms_key_id": null,
            "metadata": null,
            "object_lock_legal_hold_status": "",
            "object_lock_mode": "",
            "object_lock_retain_until_date": "",
            "server_side_encryption": "AES256",
            "source": "../build/static/media/docker.3253a6fe64f326e90f1716b7069eeeb8.svg",
            "source_hash": null,
            "storage_class": "STANDARD",
            "tags": null,
            "tags_all": {},
            "version_id": "",
            "website_redirect": ""
          },
          "sensitive_attributes": [],
          "private": "bnVsbA==",
          "dependencies": [
            "aws_s3_bucket.portfolio_bucket"
          ]
        },
        {
          "index_key": "static/media/footer-bg.7bd67c0f73571d0acc02.png",
          "schema_version": 0,
          "attributes": {
            "acl": "private",
            "bucket": "portfolio-terraform-bence-bodi",
            "bucket_key_enabled": false,
            "cache_control": "",
            "content": null,
            "content_base64": null,
            "content_disposition": "",
            "content_encoding": "",
            "content_language": "",
            "content_type": "application/octet-stream",
            "etag": "e9228c17c13a87653f1b8ed01a3ff306",
            "force_destroy": false,
            "id": "build/",
            "key": "build/",
            "kms_key_id": null,
            "metadata": null,
            "object_lock_legal_hold_status": "",
            "object_lock_mode": "",
            "object_lock_retain_until_date": "",
            "server_side_encryption": "AES256",
            "source": "../build/static/media/footer-bg.7bd67c0f73571d0acc02.png",
            "source_hash": null,
            "storage_class": "STANDARD",
            "tags": null,
            "tags_all": {},
            "version_id": "",
            "website_redirect": ""
          },
          "sensitive_attributes": [],
          "private": "bnVsbA==",
          "dependencies": [
            "aws_s3_bucket.portfolio_bucket"
          ]
        },
        {
          "index_key": "static/media/meter1.c4085ff859afbd8488e9da47d4953850.svg",
          "schema_version": 0,
          "attributes": {
            "acl": "private",
            "bucket": "portfolio-terraform-bence-bodi",
            "bucket_key_enabled": false,
            "cache_control": "",
            "content": null,
            "content_base64": null,
            "content_disposition": "",
            "content_encoding": "",
            "content_language": "",
            "content_type": "application/octet-stream",
            "etag": "d5d078c25e06d9f6187e029b6bf5cba2",
            "force_destroy": false,
            "id": "build/",
            "key": "build/",
            "kms_key_id": null,
            "metadata": null,
            "object_lock_legal_hold_status": "",
            "object_lock_mode": "",
            "object_lock_retain_until_date": "",
            "server_side_encryption": "AES256",
            "source": "../build/static/media/meter1.c4085ff859afbd8488e9da47d4953850.svg",
            "source_hash": null,
            "storage_class": "STANDARD",
            "tags": null,
            "tags_all": {},
            "version_id": "",
            "website_redirect": ""
          },
          "sensitive_attributes": [],
          "private": "bnVsbA==",
          "dependencies": [
            "aws_s3_bucket.portfolio_bucket"
          ]
        },
        {
          "index_key": "static/media/meter2.1b8f416eccd1ee162218b8528a1c5cdc.svg",
          "schema_version": 0,
          "attributes": {
            "acl": "private",
            "bucket": "portfolio-terraform-bence-bodi",
            "bucket_key_enabled": false,
            "cache_control": "",
            "content": null,
            "content_base64": null,
            "content_disposition": "",
            "content_encoding": "",
            "content_language": "",
            "content_type": "application/octet-stream",
            "etag": "7fb1b05f49ba5c3b4570e1dec3728213",
            "force_destroy": false,
            "id": "build/",
            "key": "build/",
            "kms_key_id": null,
            "metadata": null,
            "object_lock_legal_hold_status": "",
            "object_lock_mode": "",
            "object_lock_retain_until_date": "",
            "server_side_encryption": "AES256",
            "source": "../build/static/media/meter2.1b8f416eccd1ee162218b8528a1c5cdc.svg",
            "source_hash": null,
            "storage_class": "STANDARD",
            "tags": null,
            "tags_all": {},
            "version_id": "",
            "website_redirect": ""
          },
          "sensitive_attributes": [],
          "private": "bnVsbA==",
          "dependencies": [
            "aws_s3_bucket.portfolio_bucket"
          ]
        },
        {
          "index_key": "static/media/meter3.2201f7e4df22bc4b08180210474f28cc.svg",
          "schema_version": 0,
          "attributes": {
            "acl": "private",
            "bucket": "portfolio-terraform-bence-bodi",
            "bucket_key_enabled": false,
            "cache_control": "",
            "content": null,
            "content_base64": null,
            "content_disposition": "",
            "content_encoding": "",
            "content_language": "",
            "content_type": "application/octet-stream",
            "etag": "287911e68191463b609411b229715e20",
            "force_destroy": false,
            "id": "build/",
            "key": "build/",
            "kms_key_id": null,
            "metadata": null,
            "object_lock_legal_hold_status": "",
            "object_lock_mode": "",
            "object_lock_retain_until_date": "",
            "server_side_encryption": "AES256",
            "source": "../build/static/media/meter3.2201f7e4df22bc4b08180210474f28cc.svg",
            "source_hash": null,
            "storage_class": "STANDARD",
            "tags": null,
            "tags_all": {},
            "version_id": "",
            "website_redirect": ""
          },
          "sensitive_attributes": [],
          "private": "bnVsbA==",
          "dependencies": [
            "aws_s3_bucket.portfolio_bucket"
          ]
        },
        {
          "index_key": "static/media/mongodb.d18b3c0417bd19d758ccab324a5a44a5.svg",
          "schema_version": 0,
          "attributes": {
            "acl": "private",
            "bucket": "portfolio-terraform-bence-bodi",
            "bucket_key_enabled": false,
            "cache_control": "",
            "content": null,
            "content_base64": null,
            "content_disposition": "",
            "content_encoding": "",
            "content_language": "",
            "content_type": "application/octet-stream",
            "etag": "2feb69ccb596730c72920c6ba3e37ef8",
            "force_destroy": false,
            "id": "build/",
            "key": "build/",
            "kms_key_id": null,
            "metadata": null,
            "object_lock_legal_hold_status": "",
            "object_lock_mode": "",
            "object_lock_retain_until_date": "",
            "server_side_encryption": "AES256",
            "source": "../build/static/media/mongodb.d18b3c0417bd19d758ccab324a5a44a5.svg",
            "source_hash": null,
            "storage_class": "STANDARD",
            "tags": null,
            "tags_all": {},
            "version_id": "",
            "website_redirect": ""
          },
          "sensitive_attributes": [],
          "private": "bnVsbA==",
          "dependencies": [
            "aws_s3_bucket.portfolio_bucket"
          ]
        },
        {
          "index_key": "static/media/nav-icon1.721d5414c26365f117e71d46b6641cb2.svg",
          "schema_version": 0,
          "attributes": {
            "acl": "private",
            "bucket": "portfolio-terraform-bence-bodi",
            "bucket_key_enabled": false,
            "cache_control": "",
            "content": null,
            "content_base64": null,
            "content_disposition": "",
            "content_encoding": "",
            "content_language": "",
            "content_type": "application/octet-stream",
            "etag": "dff2b6246274897c980cd8a354f7f979",
            "force_destroy": false,
            "id": "build/",
            "key": "build/",
            "kms_key_id": null,
            "metadata": null,
            "object_lock_legal_hold_status": "",
            "object_lock_mode": "",
            "object_lock_retain_until_date": "",
            "server_side_encryption": "AES256",
            "source": "../build/static/media/nav-icon1.721d5414c26365f117e71d46b6641cb2.svg",
            "source_hash": null,
            "storage_class": "STANDARD",
            "tags": null,
            "tags_all": {},
            "version_id": "",
            "website_redirect": ""
          },
          "sensitive_attributes": [],
          "private": "bnVsbA==",
          "dependencies": [
            "aws_s3_bucket.portfolio_bucket"
          ]
        },
        {
          "index_key": "static/media/postgres.svg.e20228f7fb92f41cd4d2.png",
          "schema_version": 0,
          "attributes": {
            "acl": "private",
            "bucket": "portfolio-terraform-bence-bodi",
            "bucket_key_enabled": false,
            "cache_control": "",
            "content": null,
            "content_base64": null,
            "content_disposition": "",
            "content_encoding": "",
            "content_language": "",
            "content_type": "application/octet-stream",
            "etag": "917515db74ea8d1aee6a246cfbcc0b45",
            "force_destroy": false,
            "id": "build/",
            "key": "build/",
            "kms_key_id": null,
            "metadata": null,
            "object_lock_legal_hold_status": "",
            "object_lock_mode": "",
            "object_lock_retain_until_date": "",
            "server_side_encryption": "AES256",
            "source": "../build/static/media/postgres.svg.e20228f7fb92f41cd4d2.png",
            "source_hash": null,
            "storage_class": "STANDARD",
            "tags": null,
            "tags_all": {},
            "version_id": "",
            "website_redirect": ""
          },
          "sensitive_attributes": [],
          "private": "bnVsbA==",
          "dependencies": [
            "aws_s3_bucket.portfolio_bucket"
          ]
        },
        {
          "index_key": "static/media/project-img1.d593db3f12901bc685c2.png",
          "schema_version": 0,
          "attributes": {
            "acl": "private",
            "bucket": "portfolio-terraform-bence-bodi",
            "bucket_key_enabled": false,
            "cache_control": "",
            "content": null,
            "content_base64": null,
            "content_disposition": "",
            "content_encoding": "",
            "content_language": "",
            "content_type": "application/octet-stream",
            "etag": "a5c5a7dcb45bea9350c89430bb3f27e5",
            "force_destroy": false,
            "id": "build/",
            "key": "build/",
            "kms_key_id": null,
            "metadata": null,
            "object_lock_legal_hold_status": "",
            "object_lock_mode": "",
            "object_lock_retain_until_date": "",
            "server_side_encryption": "AES256",
            "source": "../build/static/media/project-img1.d593db3f12901bc685c2.png",
            "source_hash": null,
            "storage_class": "STANDARD",
            "tags": null,
            "tags_all": {},
            "version_id": "",
            "website_redirect": ""
          },
          "sensitive_attributes": [],
          "private": "bnVsbA==",
          "dependencies": [
            "aws_s3_bucket.portfolio_bucket"
          ]
        },
        {
          "index_key": "static/media/project-img2.2e52097c417f9f1134b0.png",
          "schema_version": 0,
          "attributes": {
            "acl": "private",
            "bucket": "portfolio-terraform-bence-bodi",
            "bucket_key_enabled": false,
            "cache_control": "",
            "content": null,
            "content_base64": null,
            "content_disposition": "",
            "content_encoding": "",
            "content_language": "",
            "content_type": "application/octet-stream",
            "etag": "61c27d2cd39a713f7829422c3d9edcc7",
            "force_destroy": false,
            "id": "build/",
            "key": "build/",
            "kms_key_id": null,
            "metadata": null,
            "object_lock_legal_hold_status": "",
            "object_lock_mode": "",
            "object_lock_retain_until_date": "",
            "server_side_encryption": "AES256",
            "source": "../build/static/media/project-img2.2e52097c417f9f1134b0.png",
            "source_hash": null,
            "storage_class": "STANDARD",
            "tags": null,
            "tags_all": {},
            "version_id": "",
            "website_redirect": ""
          },
          "sensitive_attributes": [],
          "private": "bnVsbA==",
          "dependencies": [
            "aws_s3_bucket.portfolio_bucket"
          ]
        },
        {
          "index_key": "static/media/project-img3.675b30d2f975a1bc1d09.png",
          "schema_version": 0,
          "attributes": {
            "acl": "private",
            "bucket": "portfolio-terraform-bence-bodi",
            "bucket_key_enabled": false,
            "cache_control": "",
            "content": null,
            "content_base64": null,
            "content_disposition": "",
            "content_encoding": "",
            "content_language": "",
            "content_type": "application/octet-stream",
            "etag": "22808bae77c66bd1b33e298ea2f4320e",
            "force_destroy": false,
            "id": "build/",
            "key": "build/",
            "kms_key_id": null,
            "metadata": null,
            "object_lock_legal_hold_status": "",
            "object_lock_mode": "",
            "object_lock_retain_until_date": "",
            "server_side_encryption": "AES256",
            "source": "../build/static/media/project-img3.675b30d2f975a1bc1d09.png",
            "source_hash": null,
            "storage_class": "STANDARD",
            "tags": null,
            "tags_all": {},
            "version_id": "",
            "website_redirect": ""
          },
          "sensitive_attributes": [],
          "private": "bnVsbA==",
          "dependencies": [
            "aws_s3_bucket.portfolio_bucket"
          ]
        },
        {
          "index_key": "static/media/revicons.57fd05d4ae650374c8de.ttf",
          "schema_version": 0,
          "attributes": {
            "acl": "private",
            "bucket": "portfolio-terraform-bence-bodi",
            "bucket_key_enabled": false,
            "cache_control": "",
            "content": null,
            "content_base64": null,
            "content_disposition": "",
            "content_encoding": "",
            "content_language": "",
            "content_type": "application/octet-stream",
            "etag": "17629a5dfe0d3c3946cf401e1895f091",
            "force_destroy": false,
            "id": "build/",
            "key": "build/",
            "kms_key_id": null,
            "metadata": null,
            "object_lock_legal_hold_status": "",
            "object_lock_mode": "",
            "object_lock_retain_until_date": "",
            "server_side_encryption": "AES256",
            "source": "../build/static/media/revicons.57fd05d4ae650374c8de.ttf",
            "source_hash": null,
            "storage_class": "STANDARD",
            "tags": null,
            "tags_all": {},
            "version_id": "",
            "website_redirect": ""
          },
          "sensitive_attributes": [],
          "private": "bnVsbA==",
          "dependencies": [
            "aws_s3_bucket.portfolio_bucket"
          ]
        },
        {
          "index_key": "static/media/revicons.a77de540a38981833f9e.eot",
          "schema_version": 0,
          "attributes": {
            "acl": "private",
            "bucket": "portfolio-terraform-bence-bodi",
            "bucket_key_enabled": false,
            "cache_control": "",
            "content": null,
            "content_base64": null,
            "content_disposition": "",
            "content_encoding": "",
            "content_language": "",
            "content_type": "application/octet-stream",
            "etag": "e9228c17c13a87653f1b8ed01a3ff306",
            "force_destroy": false,
            "id": "build/",
            "key": "build/",
            "kms_key_id": null,
            "metadata": null,
            "object_lock_legal_hold_status": "",
            "object_lock_mode": "",
            "object_lock_retain_until_date": "",
            "server_side_encryption": "AES256",
            "source": "../build/static/media/revicons.a77de540a38981833f9e.eot",
            "source_hash": null,
            "storage_class": "STANDARD",
            "tags": null,
            "tags_all": {},
            "version_id": "",
            "website_redirect": ""
          },
          "sensitive_attributes": [],
          "private": "bnVsbA==",
          "dependencies": [
            "aws_s3_bucket.portfolio_bucket"
          ]
        },
        {
          "index_key": "static/media/revicons.e8746a624ed098489406.woff",
          "schema_version": 0,
          "attributes": {
            "acl": "private",
            "bucket": "portfolio-terraform-bence-bodi",
            "bucket_key_enabled": false,
            "cache_control": "",
            "content": null,
            "content_base64": null,
            "content_disposition": "",
            "content_encoding": "",
            "content_language": "",
            "content_type": "application/octet-stream",
            "etag": "2feb69ccb596730c72920c6ba3e37ef8",
            "force_destroy": false,
            "id": "build/",
            "key": "build/",
            "kms_key_id": null,
            "metadata": null,
            "object_lock_legal_hold_status": "",
            "object_lock_mode": "",
            "object_lock_retain_until_date": "",
            "server_side_encryption": "AES256",
            "source": "../build/static/media/revicons.e8746a624ed098489406.woff",
            "source_hash": null,
            "storage_class": "STANDARD",
            "tags": null,
            "tags_all": {},
            "version_id": "",
            "website_redirect": ""
          },
          "sensitive_attributes": [],
          "private": "bnVsbA==",
          "dependencies": [
            "aws_s3_bucket.portfolio_bucket"
          ]
        },
        {
          "index_key": "static/media/self.2833f98e3d4c87ac069d.jfif",
          "schema_version": 0,
          "attributes": {
            "acl": "private",
            "bucket": "portfolio-terraform-bence-bodi",
            "bucket_key_enabled": false,
            "cache_control": "",
            "content": null,
            "content_base64": null,
            "content_disposition": "",
            "content_encoding": "",
            "content_language": "",
            "content_type": "application/octet-stream",
            "etag": "48f8c27d680b2ad69b3a778b91310096",
            "force_destroy": false,
            "id": "build/",
            "key": "build/",
            "kms_key_id": null,
            "metadata": null,
            "object_lock_legal_hold_status": "",
            "object_lock_mode": "",
            "object_lock_retain_until_date": "",
            "server_side_encryption": "AES256",
            "source": "../build/static/media/self.2833f98e3d4c87ac069d.jfif",
            "source_hash": null,
            "storage_class": "STANDARD",
            "tags": null,
            "tags_all": {},
            "version_id": "",
            "website_redirect": ""
          },
          "sensitive_attributes": [],
          "private": "bnVsbA==",
          "dependencies": [
            "aws_s3_bucket.portfolio_bucket"
          ]
        },
        {
          "index_key": "static/media/terraform.d07a1c39ea9a8d7778eb9f279e988a73.svg",
          "schema_version": 0,
          "attributes": {
            "acl": "private",
            "bucket": "portfolio-terraform-bence-bodi",
            "bucket_key_enabled": false,
            "cache_control": "",
            "content": null,
            "content_base64": null,
            "content_disposition": "",
            "content_encoding": "",
            "content_language": "",
            "content_type": "application/octet-stream",
            "etag": "917515db74ea8d1aee6a246cfbcc0b45",
            "force_destroy": false,
            "id": "build/",
            "key": "build/",
            "kms_key_id": null,
            "metadata": null,
            "object_lock_legal_hold_status": "",
            "object_lock_mode": "",
            "object_lock_retain_until_date": "",
            "server_side_encryption": "AES256",
            "source": "../build/static/media/terraform.d07a1c39ea9a8d7778eb9f279e988a73.svg",
            "source_hash": null,
            "storage_class": "STANDARD",
            "tags": null,
            "tags_all": {},
            "version_id": "",
            "website_redirect": ""
          },
          "sensitive_attributes": [],
          "private": "bnVsbA==",
          "dependencies": [
            "aws_s3_bucket.portfolio_bucket"
          ]
        }
      ]
    }
  ],
  "check_results": null
}
